
Microsoft Visual Studio Solution File, Format Version 12.00
# Visual Studio Version 17
VisualStudioVersion = 17.4.33213.308
MinimumVisualStudioVersion = 10.0.40219.1
Project("{9A19103F-16F7-4668-BE54-9A1E7A4F7556}") = "prueba", "prueba\prueba.csproj", "{03B5F102-0F6A-40C2-AC4A-99D9CFF29BCF}"
EndProject
Global
	GlobalSection(SolutionConfigurationPlatforms) = preSolution
		Debug|Any CPU = Debug|Any CPU
		Release|Any CPU = Release|Any CPU
	EndGlobalSection
	GlobalSection(ProjectConfigurationPlatforms) = postSolution
		{03B5F102-0F6A-40C2-AC4A-99D9CFF29BCF}.Debug|Any CPU.ActiveCfg = Debug|Any CPU
		{03B5F102-0F6A-40C2-AC4A-99D9CFF29BCF}.Debug|Any CPU.Build.0 = Debug|Any CPU
		{03B5F102-0F6A-40C2-AC4A-99D9CFF29BCF}.Release|Any CPU.ActiveCfg = Release|Any CPU
		{03B5F102-0F6A-40C2-AC4A-99D9CFF29BCF}.Release|Any CPU.Build.0 = Release|Any CPU
	EndGlobalSection
	GlobalSection(SolutionProperties) = preSolution
		HideSolutionNode = FALSE
	EndGlobalSection
	GlobalSection(ExtensibilityGlobals) = postSolution
		SolutionGuid = {1C92A1FA-3FFC-4535-BC74-17DEB2404AE7}
	EndGlobalSection
EndGlobal
